# generated by rye
# use `rye lock` or `rye sync` to update this lockfile
#
# last locked with the following flags:
#   pre: false
#   features: []
#   all-features: false
#   with-sources: false

-e file:.
click==8.1.7
    # via click-default-group
    # via postling
click-default-group==1.2.4
    # via postling
linkify-it-py==2.0.3
    # via markdown-it-py
markdown-it-py==3.0.0
    # via mdit-py-plugins
    # via rich
    # via textual
mdit-py-plugins==0.4.1
    # via markdown-it-py
mdurl==0.1.2
    # via markdown-it-py
pygments==2.18.0
    # via rich
rich==13.7.1
    # via textual
textual==0.63.4
    # via postling
tree-sitter==0.20.4
    # via textual
    # via tree-sitter-languages
tree-sitter-languages==1.10.2
    # via textual
typing-extensions==4.12.0
    # via textual
uc-micro-py==1.0.3
    # via linkify-it-py
xdg-base-dirs==6.0.1
    # via postling
