# generated by rye
# use `rye lock` or `rye sync` to update this lockfile
#
# last locked with the following flags:
#   pre: false
#   features: []
#   all-features: false
#   with-sources: false
#   generate-hashes: false

-e file:.
aiohttp==3.9.5
    # via textual-dev
aiosignal==1.3.1
    # via aiohttp
annotated-types==0.7.0
    # via pydantic
anyio==4.4.0
    # via httpx
attrs==23.2.0
    # via aiohttp
babel==2.15.0
    # via mkdocs-material
brotli==1.1.0
    # via httpx
certifi==2024.2.2
    # via httpcore
    # via httpx
    # via requests
charset-normalizer==3.3.2
    # via requests
click==8.1.7
    # via click-default-group
    # via mkdocs
    # via posting
    # via textual-dev
click-default-group==1.2.4
    # via posting
colorama==0.4.6
    # via mkdocs-material
coverage==7.6.0
    # via pytest-cov
execnet==2.1.1
    # via pytest-xdist
frozenlist==1.4.1
    # via aiohttp
    # via aiosignal
ghp-import==2.1.0
    # via mkdocs
h11==0.14.0
    # via httpcore
httpcore==1.0.5
    # via httpx
httpx==0.27.0
    # via posting
idna==3.7
    # via anyio
    # via httpx
    # via requests
    # via yarl
iniconfig==2.0.0
    # via pytest
jinja2==3.1.4
    # via mkdocs
    # via mkdocs-material
    # via pytest-textual-snapshot
linkify-it-py==2.0.3
    # via markdown-it-py
markdown==3.6
    # via mkdocs
    # via mkdocs-material
    # via pymdown-extensions
markdown-it-py==3.0.0
    # via mdit-py-plugins
    # via rich
    # via textual
markupsafe==2.1.5
    # via jinja2
    # via mkdocs
mdit-py-plugins==0.4.1
    # via markdown-it-py
mdurl==0.1.2
    # via markdown-it-py
mergedeep==1.3.4
    # via mkdocs
    # via mkdocs-get-deps
mkdocs==1.6.0
    # via mkdocs-material
mkdocs-get-deps==0.2.0
    # via mkdocs
mkdocs-material==9.5.30
mkdocs-material-extensions==1.3.1
    # via mkdocs-material
msgpack==1.0.8
    # via textual-dev
multidict==6.0.5
    # via aiohttp
    # via yarl
packaging==24.1
    # via mkdocs
    # via pytest
paginate==0.5.6
    # via mkdocs-material
pathspec==0.12.1
    # via mkdocs
platformdirs==4.2.2
    # via mkdocs-get-deps
pluggy==1.5.0
    # via pytest
pydantic==2.7.3
    # via posting
    # via pydantic-settings
pydantic-core==2.18.4
    # via pydantic
pydantic-settings==2.3.4
    # via posting
pygments==2.18.0
    # via mkdocs-material
    # via rich
pymdown-extensions==10.9
    # via mkdocs-material
pyperclip==1.8.2
    # via posting
pytest==8.3.1
    # via pytest-cov
    # via pytest-textual-snapshot
    # via pytest-xdist
    # via syrupy
pytest-cov==5.0.0
pytest-textual-snapshot==1.0.0
pytest-xdist==3.6.1
python-dateutil==2.9.0.post0
    # via ghp-import
python-dotenv==1.0.1
    # via posting
    # via pydantic-settings
pyyaml==6.0.1
    # via mkdocs
    # via mkdocs-get-deps
    # via posting
    # via pymdown-extensions
    # via pyyaml-env-tag
pyyaml-env-tag==0.1
    # via mkdocs
regex==2024.7.24
    # via mkdocs-material
requests==2.32.3
    # via mkdocs-material
rich==13.7.1
    # via pytest-textual-snapshot
    # via textual
six==1.16.0
    # via python-dateutil
sniffio==1.3.1
    # via anyio
    # via httpx
syrupy==4.6.1
    # via pytest-textual-snapshot
textual==0.74.0
    # via posting
    # via pytest-textual-snapshot
    # via textual-autocomplete
    # via textual-dev
textual-autocomplete==3.0.0a9
    # via posting
textual-dev==1.5.1
tree-sitter==0.20.4
    # via textual
    # via tree-sitter-languages
tree-sitter-languages==1.10.2
    # via textual
typing-extensions==4.12.0
    # via pydantic
    # via pydantic-core
    # via textual
    # via textual-autocomplete
    # via textual-dev
uc-micro-py==1.0.3
    # via linkify-it-py
urllib3==2.2.2
    # via requests
watchdog==4.0.1
    # via mkdocs
xdg-base-dirs==6.0.1
    # via posting
yarl==1.9.4
    # via aiohttp
